
Microsoft Visual Studio Solution File, Format Version 12.00
# Visual Studio Version 16
VisualStudioVersion = 16.0.31729.503
MinimumVisualStudioVersion = 10.0.40219.1
Project("{FAE04EC0-301F-11D3-BF4B-00C04F79EFBC}") = "Biblioteca_Reges", "Biblioteca_Reges\Biblioteca_Reges.csproj", "{ADB0E882-9855-4524-9B20-78BB373DFDCB}"
EndProject
Global
	GlobalSection(SolutionConfigurationPlatforms) = preSolution
		Debug|Any CPU = Debug|Any CPU
		Release|Any CPU = Release|Any CPU
	EndGlobalSection
	GlobalSection(ProjectConfigurationPlatforms) = postSolution
		{ADB0E882-9855-4524-9B20-78BB373DFDCB}.Debug|Any CPU.ActiveCfg = Debug|Any CPU
		{ADB0E882-9855-4524-9B20-78BB373DFDCB}.Debug|Any CPU.Build.0 = Debug|Any CPU
		{ADB0E882-9855-4524-9B20-78BB373DFDCB}.Release|Any CPU.ActiveCfg = Release|Any CPU
		{ADB0E882-9855-4524-9B20-78BB373DFDCB}.Release|Any CPU.Build.0 = Release|Any CPU
	EndGlobalSection
	GlobalSection(SolutionProperties) = preSolution
		HideSolutionNode = FALSE
	EndGlobalSection
	GlobalSection(ExtensibilityGlobals) = postSolution
		SolutionGuid = {616601D6-3BBE-4F8F-B730-B1A8827F2540}
	EndGlobalSection
EndGlobal
